{
  "name": "grupo2h-site",
  "lockfileVersion": 3,
  "requires": true,
  "packages": {
    "": {
      "name": "grupo2h-site",
      "dependencies": {
        "@phosphor-icons/core": "2.1.1",
        "marked": "15.0.12"
      },
      "engines": {
        "node": ">=20"
      }
    },
    "node_modules/@phosphor-icons/core": {
      "version": "2.1.1",
      "resolved": "https://registry.npmjs.org/@phosphor-icons/core/-/core-2.1.1.tgz",
      "integrity": "sha512-v4ARvrip4qBCImOE5rmPUylOEK4iiED9ZyKjcvzuezqMaiRASCHKcRIuvvxL/twvLpkfnEODCOJp5dM4eZilxQ==",
      "license": "MIT"
    },
    "node_modules/marked": {
      "version": "15.0.12",
      "resolved": "https://registry.npmjs.org/marked/-/marked-15.0.12.tgz",
      "integrity": "sha512-8dD6FusOQSrpv9Z1rdNMdlSgQOIP880DHqnohobOmYLElGEqAL/JvxvuxZO16r4HtjTlfPRDC1hbvxC9dPN2nA==",
      "license": "MIT",
      "bin": {
        "marked": "bin/marked.js"
      },
      "engines": {
        "node": ">= 18"
      }
    }
  }
}
